
Microsoft Visual Studio Solution File, Format Version 12.00
# Visual Studio Version 17
VisualStudioVersion = 17.9.34607.119
MinimumVisualStudioVersion = 10.0.40219.1
Project("{9A19103F-16F7-4668-BE54-9A1E7A4F7556}") = "GlobalizationLocalization", "GlobalizationLocalization\GlobalizationLocalization.csproj", "{0D23EDB2-9CF0-4D3B-BE30-6A3DB9B8528D}"
EndProject
Global
	GlobalSection(SolutionConfigurationPlatforms) = preSolution
		Debug|Any CPU = Debug|Any CPU
		Release|Any CPU = Release|Any CPU
	EndGlobalSection
	GlobalSection(ProjectConfigurationPlatforms) = postSolution
		{0D23EDB2-9CF0-4D3B-BE30-6A3DB9B8528D}.Debug|Any CPU.ActiveCfg = Debug|Any CPU
		{0D23EDB2-9CF0-4D3B-BE30-6A3DB9B8528D}.Debug|Any CPU.Build.0 = Debug|Any CPU
		{0D23EDB2-9CF0-4D3B-BE30-6A3DB9B8528D}.Release|Any CPU.ActiveCfg = Release|Any CPU
		{0D23EDB2-9CF0-4D3B-BE30-6A3DB9B8528D}.Release|Any CPU.Build.0 = Release|Any CPU
	EndGlobalSection
	GlobalSection(SolutionProperties) = preSolution
		HideSolutionNode = FALSE
	EndGlobalSection
	GlobalSection(ExtensibilityGlobals) = postSolution
		SolutionGuid = {BBD817F1-83C1-42E9-A5C1-A52673D947D1}
	EndGlobalSection
EndGlobal
